
Microsoft Visual Studio Solution File, Format Version 12.00
# Visual Studio Version 16
VisualStudioVersion = 16.0.30517.126
MinimumVisualStudioVersion = 10.0.40219.1
Project("{9A19103F-16F7-4668-BE54-9A1E7A4F7556}") = "AWS.EBDeploy.Api", "src\AWS.EBDeploy.Api\AWS.EBDeploy.Api.csproj", "{6B495784-6379-4F9D-8855-26C06236454F}"
EndProject
Project("{FAE04EC0-301F-11D3-BF4B-00C04F79EFBC}") = "AWS.EBDeploy.Api.Tests", "tests\AWS.EBDeploy.Api.Tests\AWS.EBDeploy.Api.Tests.csproj", "{5408C7AB-70FF-4DA1-A1F7-7F44C1A73599}"
EndProject
Global
	GlobalSection(SolutionConfigurationPlatforms) = preSolution
		Debug|Any CPU = Debug|Any CPU
		Release|Any CPU = Release|Any CPU
	EndGlobalSection
	GlobalSection(ProjectConfigurationPlatforms) = postSolution
		{6B495784-6379-4F9D-8855-26C06236454F}.Debug|Any CPU.ActiveCfg = Debug|Any CPU
		{6B495784-6379-4F9D-8855-26C06236454F}.Debug|Any CPU.Build.0 = Debug|Any CPU
		{6B495784-6379-4F9D-8855-26C06236454F}.Release|Any CPU.ActiveCfg = Release|Any CPU
		{6B495784-6379-4F9D-8855-26C06236454F}.Release|Any CPU.Build.0 = Release|Any CPU
		{5408C7AB-70FF-4DA1-A1F7-7F44C1A73599}.Debug|Any CPU.ActiveCfg = Debug|Any CPU
		{5408C7AB-70FF-4DA1-A1F7-7F44C1A73599}.Debug|Any CPU.Build.0 = Debug|Any CPU
		{5408C7AB-70FF-4DA1-A1F7-7F44C1A73599}.Release|Any CPU.ActiveCfg = Release|Any CPU
		{5408C7AB-70FF-4DA1-A1F7-7F44C1A73599}.Release|Any CPU.Build.0 = Release|Any CPU
	EndGlobalSection
	GlobalSection(SolutionProperties) = preSolution
		HideSolutionNode = FALSE
	EndGlobalSection
	GlobalSection(ExtensibilityGlobals) = postSolution
		SolutionGuid = {3AF37403-1BCD-4DA0-AD52-407B8416803D}
	EndGlobalSection
EndGlobal
